# This file is automatically @generated by Cargo.
# It is not intended for manual editing.
version = 4

[[package]]
name = "redevplugin-ipc"
version = "0.0.0-dev"

[[package]]
name = "redevplugin-runtime"
version = "0.0.0-dev"
dependencies = [
 "redevplugin-ipc",
 "redevplugin-wasm-abi",
]

[[package]]
name = "redevplugin-target-classifier"
version = "0.0.0-dev"

[[package]]
name = "redevplugin-wasm-abi"
version = "0.0.0-dev"
